
Microsoft Visual Studio Solution File, Format Version 12.00
# Visual Studio Version 16
VisualStudioVersion = 16.0.33214.272
MinimumVisualStudioVersion = 10.0.40219.1
Project("{8BC9CEB8-8B4A-11D0-8D11-00A0C91BC942}") = "S110-NATO-Names", "S110-NATO-Names\S110-NATO-Names.vcxproj", "{20968D95-DBE4-405A-ADF1-0E5D3A1004F0}"
EndProject
Global
	GlobalSection(SolutionConfigurationPlatforms) = preSolution
		Debug|x64 = Debug|x64
		Debug|x86 = Debug|x86
		Release|x64 = Release|x64
		Release|x86 = Release|x86
	EndGlobalSection
	GlobalSection(ProjectConfigurationPlatforms) = postSolution
		{20968D95-DBE4-405A-ADF1-0E5D3A1004F0}.Debug|x64.ActiveCfg = Debug|x64
		{20968D95-DBE4-405A-ADF1-0E5D3A1004F0}.Debug|x64.Build.0 = Debug|x64
		{20968D95-DBE4-405A-ADF1-0E5D3A1004F0}.Debug|x86.ActiveCfg = Debug|Win32
		{20968D95-DBE4-405A-ADF1-0E5D3A1004F0}.Debug|x86.Build.0 = Debug|Win32
		{20968D95-DBE4-405A-ADF1-0E5D3A1004F0}.Release|x64.ActiveCfg = Release|x64
		{20968D95-DBE4-405A-ADF1-0E5D3A1004F0}.Release|x64.Build.0 = Release|x64
		{20968D95-DBE4-405A-ADF1-0E5D3A1004F0}.Release|x86.ActiveCfg = Release|Win32
		{20968D95-DBE4-405A-ADF1-0E5D3A1004F0}.Release|x86.Build.0 = Release|Win32
	EndGlobalSection
	GlobalSection(SolutionProperties) = preSolution
		HideSolutionNode = FALSE
	EndGlobalSection
	GlobalSection(ExtensibilityGlobals) = postSolution
		SolutionGuid = {8F8268FD-8C06-46A2-BB61-A593E1ED6A0D}
	EndGlobalSection
EndGlobal
